%{"amnesia": {:hex, :amnesia, "0.2.7", "ffc2221bf72da4cfafbbb497adf9cf7e52138f1333cec5836187a53f94ae0665", [:mix], [{:exquisite, "~> 0.1.7", [hex: :exquisite, repo: "hexpm", optional: false]}], "hexpm"},
  "exquisite": {:hex, :exquisite, "0.1.8", "ee8f56aae477287ce5e7dfcbc163a420cccbb73e680a6d80a09203e9ef514fa4", [:mix], [], "hexpm"},
  "ok": {:hex, :ok, "1.9.4", "fc8ff2193160c7a56bf2cf446077ff6a7bea34463b6c1958b101404a1b5a7fd3", [:mix], [], "hexpm"},
  "secure_random": {:hex, :secure_random, "0.5.1", "c5532b37c89d175c328f5196a0c2a5680b15ebce3e654da37129a9fe40ebf51b", [], [], "hexpm"}}
